
Microsoft Visual Studio Solution File, Format Version 12.00
# Visual Studio Version 16
VisualStudioVersion = 16.0.29411.108
MinimumVisualStudioVersion = 10.0.40219.1
Project("{9A19103F-16F7-4668-BE54-9A1E7A4F7556}") = "SKTestBot", "SKTestBot.csproj", "{1E66E307-1989-4D60-A99C-9E66CD5EED31}"
EndProject
Global
	GlobalSection(SolutionConfigurationPlatforms) = preSolution
		Debug|Any CPU = Debug|Any CPU
		Release|Any CPU = Release|Any CPU
	EndGlobalSection
	GlobalSection(ProjectConfigurationPlatforms) = postSolution
		{1E66E307-1989-4D60-A99C-9E66CD5EED31}.Debug|Any CPU.ActiveCfg = Debug|Any CPU
		{1E66E307-1989-4D60-A99C-9E66CD5EED31}.Debug|Any CPU.Build.0 = Debug|Any CPU
		{1E66E307-1989-4D60-A99C-9E66CD5EED31}.Release|Any CPU.ActiveCfg = Release|Any CPU
		{1E66E307-1989-4D60-A99C-9E66CD5EED31}.Release|Any CPU.Build.0 = Release|Any CPU
	EndGlobalSection
	GlobalSection(SolutionProperties) = preSolution
		HideSolutionNode = FALSE
	EndGlobalSection
	GlobalSection(ExtensibilityGlobals) = postSolution
		SolutionGuid = {0E926CA4-FD6F-42BB-8278-05DD7199B5BC}
	EndGlobalSection
EndGlobal
